<?xml version="1.0" encoding="utf-8"?>
<Project ToolsVersion="4.0" xmlns="http://schemas.microsoft.com/developer/msbuild/2003">
  <ItemGroup>
    <Filter Include="helpers">
      <UniqueIdentifier>{709e8cf8-ebdb-4573-8524-20b04c6a5883}</UniqueIdentifier>
    </Filter>
    <Filter Include="resources">
      <UniqueIdentifier>{2d5bd44f-68df-4a2e-967b-57e194c0eac4}</UniqueIdentifier>
    </Filter>
  </ItemGroup>
  <ItemGroup>
    <ClCompile Include="source\d3d8to12.cpp" />
    <ClCompile Include="source\d3d8to12_base.cpp" />
    <ClCompile Include="source\d3d8to12_device.cpp" />
    <ClCompile Include="source\d3d8to12_index_buffer.cpp" />
    <ClCompile Include="source\d3d8to12_surface.cpp" />
    <ClCompile Include="source\d3d8to12_swap_chain.cpp" />
    <ClCompile Include="source\d3d8to12_texture.cpp" />
    <ClCompile Include="source\d3d8to12_vertex_buffer.cpp" />
    <ClCompile Include="source\d3d8to12_volume.cpp" />
    <ClCompile Include="source\d3d8types.cpp">
      <Filter>helpers</Filter>
    </ClCompile>
  </ItemGroup>
  <ItemGroup>
    <ClInclude Include="res\resource.h">
      <Filter>resources</Filter>
    </ClInclude>
    <ClInclude Include="source\d3d8.hpp">
      <Filter>helpers</Filter>
    </ClInclude>
    <ClInclude Include="source\d3d8to12.hpp" />
    <ClInclude Include="source\d3d8types.hpp">
      <Filter>helpers</Filter>
    </ClInclude>
  </ItemGroup>
  <ItemGroup>
    <None Include="res\d3d8.def">
      <Filter>resources</Filter>
    </None>
  </ItemGroup>
  <ItemGroup>
    <ResourceCompile Include="res\d3d8to12.rc">
      <Filter>resources</Filter>
    </ResourceCompile>
  </ItemGroup>
  <ItemGroup>
    <Filter Include="Shaders">
      <UniqueIdentifier>{f221c99c-648b-488b-a869-0b44383e2fde}</UniqueIdentifier>
    </Filter>
  </ItemGroup>
  <ItemGroup>
    <FxCompile Include="source\shaders.hlsl">
      <Filter>Shaders</Filter>
    </FxCompile>
  </ItemGroup>
</Project>